
Microsoft Visual Studio Solution File, Format Version 12.00
# Visual Studio 14
VisualStudioVersion = 14.0.25420.1
MinimumVisualStudioVersion = 10.0.40219.1
Project("{FAE04EC0-301F-11D3-BF4B-00C04F79EFBC}") = "Trivio", "Trivio\Trivio.csproj", "{8D16E8B1-3257-4A0B-912D-F02464749222}"
EndProject
Project("{CC5FD16D-436D-48AD-A40C-5A424C6E3E79}") = "Trivio.Azure1", "Trivio.Azure1\Trivio.Azure1.ccproj", "{7F33A108-63C5-469A-A4F0-2FCE924BEF57}"
EndProject
Global
	GlobalSection(SolutionConfigurationPlatforms) = preSolution
		Debug|Any CPU = Debug|Any CPU
		Release|Any CPU = Release|Any CPU
	EndGlobalSection
	GlobalSection(ProjectConfigurationPlatforms) = postSolution
		{8D16E8B1-3257-4A0B-912D-F02464749222}.Debug|Any CPU.ActiveCfg = Debug|Any CPU
		{8D16E8B1-3257-4A0B-912D-F02464749222}.Debug|Any CPU.Build.0 = Debug|Any CPU
		{8D16E8B1-3257-4A0B-912D-F02464749222}.Release|Any CPU.ActiveCfg = Release|Any CPU
		{8D16E8B1-3257-4A0B-912D-F02464749222}.Release|Any CPU.Build.0 = Release|Any CPU
		{7F33A108-63C5-469A-A4F0-2FCE924BEF57}.Debug|Any CPU.ActiveCfg = Debug|Any CPU
		{7F33A108-63C5-469A-A4F0-2FCE924BEF57}.Debug|Any CPU.Build.0 = Debug|Any CPU
		{7F33A108-63C5-469A-A4F0-2FCE924BEF57}.Release|Any CPU.ActiveCfg = Release|Any CPU
		{7F33A108-63C5-469A-A4F0-2FCE924BEF57}.Release|Any CPU.Build.0 = Release|Any CPU
	EndGlobalSection
	GlobalSection(SolutionProperties) = preSolution
		HideSolutionNode = FALSE
	EndGlobalSection
EndGlobal
